<?xml version="1.0" encoding="utf-8"?>
<Project ToolsVersion="4.0" xmlns="http://schemas.microsoft.com/developer/msbuild/2003">
  <ItemGroup>
    <Filter Include="原始程式檔">
      <UniqueIdentifier>{4FC737F1-C7A5-4376-A066-2A32D752A2FF}</UniqueIdentifier>
      <Extensions>cpp;c;cc;cxx;def;odl;idl;hpj;bat;asm;asmx</Extensions>
    </Filter>
    <Filter Include="標頭檔">
      <UniqueIdentifier>{93995380-89BD-4b04-88EB-625FBE52EBFB}</UniqueIdentifier>
      <Extensions>h;hh;hpp;hxx;hm;inl;inc;xsd</Extensions>
    </Filter>
    <Filter Include="資源檔">
      <UniqueIdentifier>{67DA6AB6-F800-4c08-8B7A-83BB121AAD01}</UniqueIdentifier>
      <Extensions>rc;ico;cur;bmp;dlg;rc2;rct;bin;rgs;gif;jpg;jpeg;jpe;resx;tiff;tif;png;wav;mfcribbon-ms</Extensions>
    </Filter>
    <Filter Include="liblinear">
      <UniqueIdentifier>{820edd41-7f56-4a2b-976e-367653c531f2}</UniqueIdentifier>
    </Filter>
    <Filter Include="Controller">
      <UniqueIdentifier>{951340c3-60df-45d4-9862-fb89245ffa47}</UniqueIdentifier>
    </Filter>
    <Filter Include="Controller\head_pose_tracker">
      <UniqueIdentifier>{37914243-b05c-44b7-9db9-cdc305ae227b}</UniqueIdentifier>
    </Filter>
    <Filter Include="Controller\user_detector">
      <UniqueIdentifier>{81a65853-b47c-45b2-b2a9-15730c06a5f5}</UniqueIdentifier>
    </Filter>
    <Filter Include="Controller\smile_processor">
      <UniqueIdentifier>{c29065ed-ab95-4a9e-982d-e2d1b81390c6}</UniqueIdentifier>
    </Filter>
    <Filter Include="State">
      <UniqueIdentifier>{f9e5aa6f-e107-40dc-abb3-0ecb01430473}</UniqueIdentifier>
    </Filter>
    <Filter Include="State\intro_state">
      <UniqueIdentifier>{244a485a-2653-4131-99cb-a7ac4dfe6f0d}</UniqueIdentifier>
    </Filter>
    <Filter Include="Event">
      <UniqueIdentifier>{d67fe009-109e-4901-8ca5-0328320645a0}</UniqueIdentifier>
    </Filter>
    <Filter Include="State\ending_state">
      <UniqueIdentifier>{f0e627bd-385f-4c6c-befc-72d5eb8b21f5}</UniqueIdentifier>
    </Filter>
    <Filter Include="Video">
      <UniqueIdentifier>{d336c3a5-d756-4355-ae79-83770bf0bfef}</UniqueIdentifier>
    </Filter>
  </ItemGroup>
  <ItemGroup>
    <ClCompile Include="main.cpp">
      <Filter>原始程式檔</Filter>
    </ClCompile>
    <ClCompile Include="liblinear-2.11\linear.cpp">
      <Filter>liblinear</Filter>
    </ClCompile>
    <ClCompile Include="liblinear-2.11\tron.cpp">
      <Filter>liblinear</Filter>
    </ClCompile>
    <ClCompile Include="liblinear-2.11\blas\daxpy.c">
      <Filter>liblinear</Filter>
    </ClCompile>
    <ClCompile Include="liblinear-2.11\blas\ddot.c">
      <Filter>liblinear</Filter>
    </ClCompile>
    <ClCompile Include="liblinear-2.11\blas\dnrm2.c">
      <Filter>liblinear</Filter>
    </ClCompile>
    <ClCompile Include="liblinear-2.11\blas\dscal.c">
      <Filter>liblinear</Filter>
    </ClCompile>
    <ClCompile Include="VideoRenderer.cpp">
      <Filter>原始程式檔</Filter>
    </ClCompile>
    <ClCompile Include="Director.cpp">
      <Filter>原始程式檔</Filter>
    </ClCompile>
    <ClCompile Include="ActorVideoSet.cpp">
      <Filter>原始程式檔</Filter>
    </ClCompile>
    <ClCompile Include="Setting.cpp">
      <Filter>原始程式檔</Filter>
    </ClCompile>
    <ClCompile Include="VideoClip.cpp">
      <Filter>Video</Filter>
    </ClCompile>
    <ClCompile Include="VideoGrid.cpp">
      <Filter>Video</Filter>
    </ClCompile>
    <ClCompile Include="VideoPool.cpp">
      <Filter>原始程式檔</Filter>
    </ClCompile>
    <ClCompile Include="SmileVideoProcessor.cpp">
      <Filter>Controller\smile_processor</Filter>
    </ClCompile>
    <ClCompile Include="RegularSmileProcessStrategy.cpp">
      <Filter>Controller\smile_processor</Filter>
    </ClCompile>
    <ClCompile Include="SeeEachSmileProcessStrategy.cpp">
      <Filter>Controller\smile_processor</Filter>
    </ClCompile>
    <ClCompile Include="SmileRecognizer.cpp">
      <Filter>Controller\smile_processor</Filter>
    </ClCompile>
    <ClCompile Include="SmileSaver.cpp">
      <Filter>Controller\smile_processor</Filter>
    </ClCompile>
    <ClCompile Include="UserDetector.cpp">
      <Filter>Controller\user_detector</Filter>
    </ClCompile>
    <ClCompile Include="WebcamSmileVideoProcessor.cpp">
      <Filter>Controller\smile_processor</Filter>
    </ClCompile>
    <ClCompile Include="IntroInitialState.cpp">
      <Filter>State\intro_state</Filter>
    </ClCompile>
    <ClCompile Include="IntroNeutralState.cpp">
      <Filter>State\intro_state</Filter>
    </ClCompile>
    <ClCompile Include="IntroSeeEachState.cpp">
      <Filter>State\intro_state</Filter>
    </ClCompile>
    <ClCompile Include="IntroState.cpp">
      <Filter>State\intro_state</Filter>
    </ClCompile>
    <ClCompile Include="InteractionState.cpp">
      <Filter>State</Filter>
    </ClCompile>
    <ClCompile Include="BlendingTransitionVideo.cpp">
      <Filter>Video</Filter>
    </ClCompile>
    <ClCompile Include="SmileProcessStrategy.cpp">
      <Filter>Controller\smile_processor</Filter>
    </ClCompile>
    <ClCompile Include="DebugHeadPoseTracker.cpp">
      <Filter>Controller\head_pose_tracker</Filter>
    </ClCompile>
    <ClCompile Include="SmileState.cpp">
      <Filter>State</Filter>
    </ClCompile>
    <ClCompile Include="OnRecordedEvent.cpp">
      <Filter>Event</Filter>
    </ClCompile>
    <ClCompile Include="TransitionState.cpp">
      <Filter>State</Filter>
    </ClCompile>
    <ClCompile Include="BroadcastState.cpp">
      <Filter>State</Filter>
    </ClCompile>
    <ClCompile Include="EndingBuddhaState.cpp">
      <Filter>State\ending_state</Filter>
    </ClCompile>
    <ClCompile Include="EndingFadeState.cpp">
      <Filter>State\ending_state</Filter>
    </ClCompile>
    <ClCompile Include="EndingState.cpp">
      <Filter>State\ending_state</Filter>
    </ClCompile>
  </ItemGroup>
  <ItemGroup>
    <ClInclude Include="liblinear-2.11\linear.h">
      <Filter>liblinear</Filter>
    </ClInclude>
    <ClInclude Include="liblinear-2.11\tron.h">
      <Filter>liblinear</Filter>
    </ClInclude>
    <ClInclude Include="liblinear-2.11\blas\blas.h">
      <Filter>liblinear</Filter>
    </ClInclude>
    <ClInclude Include="liblinear-2.11\blas\blasp.h">
      <Filter>liblinear</Filter>
    </ClInclude>
    <ClInclude Include="VideoRenderer.h">
      <Filter>標頭檔</Filter>
    </ClInclude>
    <ClInclude Include="Director.h">
      <Filter>標頭檔</Filter>
    </ClInclude>
    <ClInclude Include="ActorVideoSet.h">
      <Filter>標頭檔</Filter>
    </ClInclude>
    <ClInclude Include="resource.h">
      <Filter>標頭檔</Filter>
    </ClInclude>
    <ClInclude Include="VideoPool.h">
      <Filter>標頭檔</Filter>
    </ClInclude>
    <ClInclude Include="Setting.h">
      <Filter>標頭檔</Filter>
    </ClInclude>
    <ClInclude Include="Event.h">
      <Filter>Event</Filter>
    </ClInclude>
    <ClInclude Include="OnRecordedEvent.h">
      <Filter>Event</Filter>
    </ClInclude>
    <ClInclude Include="OnSmileEvent.h">
      <Filter>Event</Filter>
    </ClInclude>
    <ClInclude Include="Ray.h">
      <Filter>Controller\head_pose_tracker</Filter>
    </ClInclude>
    <ClInclude Include="DebugHeadPoseTracker.h">
      <Filter>Controller\head_pose_tracker</Filter>
    </ClInclude>
    <ClInclude Include="HeadPoseTracker.h">
      <Filter>Controller\head_pose_tracker</Filter>
    </ClInclude>
    <ClInclude Include="DebugSmileVideoProcessor.h">
      <Filter>Controller\smile_processor</Filter>
    </ClInclude>
    <ClInclude Include="RegularSmileProcessStrategy.h">
      <Filter>Controller\smile_processor</Filter>
    </ClInclude>
    <ClInclude Include="SeeEachSmileProcessStrategy.h">
      <Filter>Controller\smile_processor</Filter>
    </ClInclude>
    <ClInclude Include="SmileObserver.h">
      <Filter>Controller\smile_processor</Filter>
    </ClInclude>
    <ClInclude Include="SmileProcessStrategy.h">
      <Filter>Controller\smile_processor</Filter>
    </ClInclude>
    <ClInclude Include="SmileRecognizer.h">
      <Filter>Controller\smile_processor</Filter>
    </ClInclude>
    <ClInclude Include="SmileSaver.h">
      <Filter>Controller\smile_processor</Filter>
    </ClInclude>
    <ClInclude Include="SmileVideoProcessor.h">
      <Filter>Controller\smile_processor</Filter>
    </ClInclude>
    <ClInclude Include="WebcamSmileVideoProcessor.h">
      <Filter>Controller\smile_processor</Filter>
    </ClInclude>
    <ClInclude Include="UserDetector.h">
      <Filter>Controller\user_detector</Filter>
    </ClInclude>
    <ClInclude Include="UserObserver.h">
      <Filter>Controller\user_detector</Filter>
    </ClInclude>
    <ClInclude Include="IntroInitialState.h">
      <Filter>State\intro_state</Filter>
    </ClInclude>
    <ClInclude Include="IntroNeutralState.h">
      <Filter>State\intro_state</Filter>
    </ClInclude>
    <ClInclude Include="IntroSeeEachState.h">
      <Filter>State\intro_state</Filter>
    </ClInclude>
    <ClInclude Include="IntroState.h">
      <Filter>State\intro_state</Filter>
    </ClInclude>
    <ClInclude Include="InteractionState.h">
      <Filter>State</Filter>
    </ClInclude>
    <ClInclude Include="SmileState.h">
      <Filter>State</Filter>
    </ClInclude>
    <ClInclude Include="AnimatedVideo.h">
      <Filter>Video</Filter>
    </ClInclude>
    <ClInclude Include="BlendingTransitionVideo.h">
      <Filter>Video</Filter>
    </ClInclude>
    <ClInclude Include="FadeAnimationVideo.h">
      <Filter>Video</Filter>
    </ClInclude>
    <ClInclude Include="TransitionalVideo.h">
      <Filter>Video</Filter>
    </ClInclude>
    <ClInclude Include="Video.h">
      <Filter>Video</Filter>
    </ClInclude>
    <ClInclude Include="VideoClip.h">
      <Filter>Video</Filter>
    </ClInclude>
    <ClInclude Include="VideoGrid.h">
      <Filter>Video</Filter>
    </ClInclude>
    <ClInclude Include="TransitionState.h">
      <Filter>State</Filter>
    </ClInclude>
    <ClInclude Include="BroadcastState.h">
      <Filter>State</Filter>
    </ClInclude>
    <ClInclude Include="EndingBuddhaState.h">
      <Filter>State\ending_state</Filter>
    </ClInclude>
    <ClInclude Include="EndingFadeState.h">
      <Filter>State\ending_state</Filter>
    </ClInclude>
    <ClInclude Include="EndingState.h">
      <Filter>State\ending_state</Filter>
    </ClInclude>
  </ItemGroup>
</Project>